github.com/cespare/xxhash/v2 v2.1.2 h1:YRXhKfTDauu4ajMg1TPgFO5jnlC2HCbmLXMcTG5cbYE=
github.com/cespare/xxhash/v2 v2.1.2/go.mod h1:VGX0DQ3Q6kWi7AoAeZDth3/j3BFtOZR5XLFGgcrjCOs=
github.com/cespare/xxhash/v2 v2.2.0 h1:DC2CZ1Ep5Y4k3ZQ899DldepgrayRUGE6BBZ/cd9Cj44=
github.com/cespare/xxhash/v2 v2.2.0/go.mod h1:VGX0DQ3Q6kWi7AoAeZDth3/j3BFtOZR5XLFGgcrjCOs=
github.com/creack/pty v1.1.9/go.mod h1:oKZEueFk5CKHvIhNR5MUki03XCEU+Q6VDXinZuGJ33E=
github.com/davecgh/go-spew v1.1.0 h1:ZDRjVQ15GmhC3fiQ8ni8+OwkZQO4DARzQgrnXU1Liz8=
github.com/davecgh/go-spew v1.1.0/go.mod h1:J7Y8YcW2NihsgmVo/mv3lAwl/skON4iLHjSsI+c5H38=
github.com/dgryski/go-rendezvous v0.0.0-20200823014737-9f7001d12a5f h1:lO4WD4F/rVNCu3HqELle0jiPLLBs70cWOduZpkS1E78=
github.com/dgryski/go-rendezvous v0.0.0-20200823014737-9f7001d12a5f/go.mod h1:cuUVRXasLTGF7a8hSLbxyZXjz+1KgoB3wDUb6vlszIc=
github.com/fsnotify/fsnotify v1.4.9 h1:hsms1Qyu0jgnwNXIxa+/V/PDsU6CfLf6CNO8H7IWoS4=
github.com/getsentry/sentry-go v0.18.0 h1:MtBW5H9QgdcJabtZcuJG80BMOwaBpkRDZkxRkNC1sN0=
github.com/getsentry/sentry-go v0.18.0/go.mod h1:Kgon4Mby+FJ7ZWHFUAZgVaIa8sxHtnRJRLTXZr51aKQ=
github.com/go-redis/redis/v8 v8.11.5 h1:AcZZR7igkdvfVmQTPnu9WE37LRrO/YrBH5zWyjDC0oI=
github.com/go-redis/redis/v8 v8.11.5/go.mod h1:gREzHqY1hg6oD9ngVRbLStwAWKhA0FEgq8Jd4h5lpwo=
github.com/gomodule/redigo v1.8.9 h1:Sl3u+2BI/kk+VEatbj0scLdrFhjPmbxOc1myhDP41ws=
github.com/gomodule/redigo v1.8.9/go.mod h1:7ArFNvsTjH8GMMzB4uy1snslv2BwmginuMs06a1uzZE=
github.com/kr/pty v1.1.1/go.mod h1:pFQYn66WHrOpPYNljwOMqo10TkYh1fy3cYio2l3bCsQ=
github.com/kr/text v0.1.0/go.mod h1:4Jbv+DJW3UT/LiOwJeYQe1efqtUx/iVham/4vfdArNI=
github.com/kr/text v0.2.0 h1:5Nx0Ya0ZqY2ygV366QzturHI13Jq95ApcVaJBhpS+AY=
github.com/kr/text v0.2.0/go.mod h1:eLer722TekiGuMkidMxC/pM04lWEeraHUUmBw8l2grE=
github.com/niemeyer/pretty v0.0.0-20200227124842-a10e7caefd8e h1:fD57ERR4JtEqsWbfPhv4DMiApHyliiK5xCTNVSPiaAs=
github.com/niemeyer/pretty v0.0.0-20200227124842-a10e7caefd8e/go.mod h1:zD1mROLANZcx1PVRCS0qkT7pwLkGfwJo4zjcN/Tysno=
github.com/nxadm/tail v1.4.8 h1:nPr65rt6Y5JFSKQO7qToXr7pePgD6Gwiw05lkbyAQTE=
github.com/onsi/ginkgo v1.16.5 h1:8xi0RTUf59SOSfEtZMvwTvXYMzG4gV23XVHOZiXNtnE=
github.com/onsi/gomega v1.18.1 h1:M1GfJqGRrBrrGGsbxzV5dqM2U2ApXefZCQpkukxYRLE=
github.com/pmezard/go-difflib v1.0.0 h1:4DBwDE0NGyQoBHbLQYPwSUPoCMWR5BEzIk/f1lZbAQM=
github.com/pmezard/go-difflib v1.0.0/go.mod h1:iKH77koFhYxTK1pcRnkKkqfTogsbg7gZNVY4sRDYZ/4=
github.com/redis/go-redis/v9 v9.0.2 h1:BA426Zqe/7r56kCcvxYLWe1mkaz71LKF77GwgFzSxfE=
github.com/redis/go-redis/v9 v9.0.2/go.mod h1:/xDTe9EF1LM61hek62Poq2nzQSGj0xSrEtEHbBQevps=
github.com/satori/go.uuid v1.2.1-0.20181028125025-b2ce2384e17b h1:gQZ0qzfKHQIybLANtM3mBXNUtOfsCFXeTsnBqCsx1KM=
github.com/satori/go.uuid v1.2.1-0.20181028125025-b2ce2384e17b/go.mod h1:dA0hQrYB0VpLJoorglMZABFdXlWrHn1NEOzdhQKdks0=
github.com/srshbhryn/gocelery v0.0.0-20230211141417-a0750ebb20ff h1:6V9Nt45uBaynSSo8C7O1GsKWS2Z419570D0Gj92mJSY=
github.com/srshbhryn/gocelery v0.0.0-20230211141417-a0750ebb20ff/go.mod h1:RDpuN8pycBPF5ICXx8HsN10SC2bcLEtrT+OHB4RTu/o=
github.com/srshbhryn/gocelery v0.0.0-20230211144127-0629215b70a1 h1:g2+8ZeyMwwNvo9cbIzsZ5y7ygOg8T1Jxql7yDe10Bvo=
github.com/srshbhryn/gocelery v0.0.0-20230211144127-0629215b70a1/go.mod h1:RDpuN8pycBPF5ICXx8HsN10SC2bcLEtrT+OHB4RTu/o=
github.com/srshbhryn/gocelery v0.0.0-20230211155051-4e675ce2859f h1:zIDFqu/lRSiHDuqik7uER4pTj6lNZ60PNYR+lOBRdzE=
github.com/srshbhryn/gocelery v0.0.0-20230211155051-4e675ce2859f/go.mod h1:RDpuN8pycBPF5ICXx8HsN10SC2bcLEtrT+OHB4RTu/o=
github.com/streadway/amqp v0.0.0-20190827072141-edfb9018d271 h1:WhxRHzgeVGETMlmVfqhRn8RIeeNoPr2Czh33I4Zdccw=
github.com/streadway/amqp v0.0.0-20190827072141-edfb9018d271/go.mod h1:AZpEONHx3DKn8O/DFsRAY58/XVQiIPMTMB1SddzLXVw=
github.com/streadway/amqp v1.0.0 h1:kuuDrUJFZL1QYL9hUNuCxNObNzB0bV/ZG5jV3RWAQgo=
github.com/streadway/amqp v1.0.0/go.mod h1:AZpEONHx3DKn8O/DFsRAY58/XVQiIPMTMB1SddzLXVw=
github.com/stretchr/objx v0.1.0/go.mod h1:HFkY916IF+rwdDfMAkV7OtwuqBVzrE8GR6GFx+wExME=
github.com/stretchr/testify v1.7.0 h1:nwc3DEeHmmLAfoZucVR881uASk0Mfjw8xYJ99tb5CcY=
github.com/stretchr/testify v1.7.0/go.mod h1:6Fq8oRcR53rry900zMqJjRRixrwX3KX962/h/Wwjteg=
golang.org/x/exp v0.0.0-20230315142452-642cacee5cc0 h1:pVgRXcIictcr+lBQIFeiwuwtDIs4eL21OuM9nyAADmo=
golang.org/x/exp v0.0.0-20230315142452-642cacee5cc0/go.mod h1:CxIveKay+FTh1D0yPZemJVgC/95VzuuOLq5Qi4xnoYc=
golang.org/x/net v0.0.0-20210428140749-89ef3d95e781 h1:DzZ89McO9/gWPsQXS/FVKAlG02ZjaQ6AlZRBimEYOd0=
golang.org/x/net v0.0.0-20221002022538-bcab6841153b h1:6e93nYa3hNqAvLr0pD4PN1fFS+gKzp2zAXqrnTCstqU=
golang.org/x/sys v0.0.0-20211216021012-1d35b9e2eb4e h1:fLOSk5Q00efkSvAm+4xcoXD+RRmLmmulPn5I3Y9F2EM=
golang.org/x/sys v0.0.0-20220928140112-f11e5e49a4ec h1:BkDtF2Ih9xZ7le9ndzTA7KJow28VbQW3odyk/8drmuI=
golang.org/x/sys v0.0.0-20220928140112-f11e5e49a4ec/go.mod h1:oPkhp1MJrh7nUepCBck5+mAzfO9JrbApNNgaTdGDITg=
golang.org/x/sys v0.1.0/go.mod h1:oPkhp1MJrh7nUepCBck5+mAzfO9JrbApNNgaTdGDITg=
golang.org/x/text v0.3.6 h1:aRYxNxv6iGQlyVaZmk6ZgYEDa+Jg18DxebPSrd6bg1M=
golang.org/x/text v0.3.7 h1:olpwvP2KacW1ZWvsR7uQhoyTYvKAupfQrRGBFM352Gk=
golang.org/x/text v0.3.7/go.mod h1:u+2+/6zg+i71rQMx5EYifcz6MCKuco9NR6JIITiCfzQ=
gopkg.in/check.v1 v0.0.0-20161208181325-20d25e280405/go.mod h1:Co6ibVJAznAaIkqp8huTwlJQCZ016jof/cbN4VW5Yz0=
gopkg.in/check.v1 v1.0.0-20200227125254-8fa46927fb4f h1:BLraFXnmrev5lT+xlilqcH8XK9/i0At2xKjWk4p6zsU=
gopkg.in/check.v1 v1.0.0-20200227125254-8fa46927fb4f/go.mod h1:Co6ibVJAznAaIkqp8huTwlJQCZ016jof/cbN4VW5Yz0=
gopkg.in/tomb.v1 v1.0.0-20141024135613-dd632973f1e7 h1:uRGJdciOHaEIrze2W8Q3AKkepLTh2hOroT7a+7czfdQ=
gopkg.in/yaml.v2 v2.4.0 h1:D8xgwECY7CYvx+Y2n4sBz93Jn9JRvxdiyyo8CTfuKaY=
gopkg.in/yaml.v3 v3.0.0-20200313102051-9f266ea9e77c h1:dUUwHk2QECo/6vqA44rthZ8ie2QXMNeKRTHCNY2nXvo=
gopkg.in/yaml.v3 v3.0.0-20200313102051-9f266ea9e77c/go.mod h1:K4uyk7z7BCEPqu6E+C64Yfv1cQ7kz7rIZviUmN+EgEM=
